// !$*UTF8*$!
{
	archiveVersion = 1;
	classes = {
	};
	objectVersion = 55;
	objects = {

/* Begin PBXBuildFile section */
		A53DD7032843FF5600C5492B /* NumberParticipantsViewController.swift in Sources */ = {isa = PBXBuildFile; fileRef = A53DD7022843FF5600C5492B /* NumberParticipantsViewController.swift */; };
		A53DD7052843FFDB00C5492B /* NumberParticipantsView.swift in Sources */ = {isa = PBXBuildFile; fileRef = A53DD7042843FFDB00C5492B /* NumberParticipantsView.swift */; };
		A53DD7072844000B00C5492B /* BaseView.swift in Sources */ = {isa = PBXBuildFile; fileRef = A53DD7062844000B00C5492B /* BaseView.swift */; };
		A53DD70A2844033A00C5492B /* SnapKit in Frameworks */ = {isa = PBXBuildFile; productRef = A53DD7092844033A00C5492B /* SnapKit */; };
		A585E0D6285687D40069C090 /* UIView+Ext.swift in Sources */ = {isa = PBXBuildFile; fileRef = A585E0D5285687D40069C090 /* UIView+Ext.swift */; };
		A585E0DB28568FEA0069C090 /* Theme.swift in Sources */ = {isa = PBXBuildFile; fileRef = A585E0DA28568FEA0069C090 /* Theme.swift */; };
		A587FCBC28480AF6003F71B6 /* TossViewController.swift in Sources */ = {isa = PBXBuildFile; fileRef = A587FCBB28480AF6003F71B6 /* TossViewController.swift */; };
		A587FCBF28480C6F003F71B6 /* RxDataSources in Frameworks */ = {isa = PBXBuildFile; productRef = A587FCBE28480C6F003F71B6 /* RxDataSources */; };
		A587FCC228480E33003F71B6 /* TossView.swift in Sources */ = {isa = PBXBuildFile; fileRef = A587FCC128480E33003F71B6 /* TossView.swift */; };
		A587FCC42848113F003F71B6 /* TossViewCell.swift in Sources */ = {isa = PBXBuildFile; fileRef = A587FCC32848113F003F71B6 /* TossViewCell.swift */; };
		A587FCC628481164003F71B6 /* NSObject+Ext.swift in Sources */ = {isa = PBXBuildFile; fileRef = A587FCC528481164003F71B6 /* NSObject+Ext.swift */; };
		A59587502843F7DF004C8F59 /* AppDelegate.swift in Sources */ = {isa = PBXBuildFile; fileRef = A595874F2843F7DF004C8F59 /* AppDelegate.swift */; };
		A59587542843F7DF004C8F59 /* BaseViewController.swift in Sources */ = {isa = PBXBuildFile; fileRef = A59587532843F7DF004C8F59 /* BaseViewController.swift */; };
		A595875A2843F7DF004C8F59 /* DrawLots.xcdatamodeld in Sources */ = {isa = PBXBuildFile; fileRef = A59587582843F7DF004C8F59 /* DrawLots.xcdatamodeld */; };
		A595875C2843F7E0004C8F59 /* Assets.xcassets in Resources */ = {isa = PBXBuildFile; fileRef = A595875B2843F7E0004C8F59 /* Assets.xcassets */; };
		A595875F2843F7E0004C8F59 /* LaunchScreen.storyboard in Resources */ = {isa = PBXBuildFile; fileRef = A595875D2843F7E0004C8F59 /* LaunchScreen.storyboard */; };
		A59587842843FBDA004C8F59 /* RxCocoa in Frameworks */ = {isa = PBXBuildFile; productRef = A59587832843FBDA004C8F59 /* RxCocoa */; };
		A59587862843FBDA004C8F59 /* RxSwift in Frameworks */ = {isa = PBXBuildFile; productRef = A59587852843FBDA004C8F59 /* RxSwift */; };
		A598E1AD284C33B700FDF9BD /* UITextField+Ext.swift in Sources */ = {isa = PBXBuildFile; fileRef = A598E1AC284C33B700FDF9BD /* UITextField+Ext.swift */; };
		A598E1B3284C43C000FDF9BD /* BaseButton.swift in Sources */ = {isa = PBXBuildFile; fileRef = A598E1B2284C43C000FDF9BD /* BaseButton.swift */; };
		A5DF3E7C2846B909003BE775 /* Localizable.strings in Resources */ = {isa = PBXBuildFile; fileRef = A5DF3E7E2846B909003BE775 /* Localizable.strings */; };
		A5DF3E822846BA28003BE775 /* DrawLotsLocalizable.swift in Sources */ = {isa = PBXBuildFile; fileRef = A5DF3E812846BA28003BE775 /* DrawLotsLocalizable.swift */; };
		A5DF3E852846BB6F003BE775 /* String+Ext.swift in Sources */ = {isa = PBXBuildFile; fileRef = A5DF3E842846BB6F003BE775 /* String+Ext.swift */; };
		A5DF3E882846C14A003BE775 /* ReactorKit in Frameworks */ = {isa = PBXBuildFile; productRef = A5DF3E872846C14A003BE775 /* ReactorKit */; };
		A5DF3E8B2846C1AA003BE775 /* NumberParticipantsViewModel.swift in Sources */ = {isa = PBXBuildFile; fileRef = A5DF3E8A2846C1AA003BE775 /* NumberParticipantsViewModel.swift */; };
		A5DF3E8F2846C870003BE775 /* Coordinator.swift in Sources */ = {isa = PBXBuildFile; fileRef = A5DF3E8E2846C870003BE775 /* Coordinator.swift */; };
/* End PBXBuildFile section */

/* Begin PBXContainerItemProxy section */
		A59587662843F7E0004C8F59 /* PBXContainerItemProxy */ = {
			isa = PBXContainerItemProxy;
			containerPortal = A59587442843F7DE004C8F59 /* Project object */;
			proxyType = 1;
			remoteGlobalIDString = A595874B2843F7DF004C8F59;
			remoteInfo = DrawLots;
		};
		A59587702843F7E0004C8F59 /* PBXContainerItemProxy */ = {
			isa = PBXContainerItemProxy;
			containerPortal = A59587442843F7DE004C8F59 /* Project object */;
			proxyType = 1;
			remoteGlobalIDString = A595874B2843F7DF004C8F59;
			remoteInfo = DrawLots;
		};
/* End PBXContainerItemProxy section */

/* Begin PBXFileReference section */
		A53DD7022843FF5600C5492B /* NumberParticipantsViewController.swift */ = {isa = PBXFileReference; lastKnownFileType = sourcecode.swift; path = NumberParticipantsViewController.swift; sourceTree = "<group>"; };
		A53DD7042843FFDB00C5492B /* NumberParticipantsView.swift */ = {isa = PBXFileReference; lastKnownFileType = sourcecode.swift; path = NumberParticipantsView.swift; sourceTree = "<group>"; };
		A53DD7062844000B00C5492B /* BaseView.swift */ = {isa = PBXFileReference; lastKnownFileType = sourcecode.swift; path = BaseView.swift; sourceTree = "<group>"; };
		A585E0D5285687D40069C090 /* UIView+Ext.swift */ = {isa = PBXFileReference; lastKnownFileType = sourcecode.swift; path = "UIView+Ext.swift"; sourceTree = "<group>"; };
		A585E0DA28568FEA0069C090 /* Theme.swift */ = {isa = PBXFileReference; lastKnownFileType = sourcecode.swift; path = Theme.swift; sourceTree = "<group>"; };
		A587FCBB28480AF6003F71B6 /* TossViewController.swift */ = {isa = PBXFileReference; lastKnownFileType = sourcecode.swift; path = TossViewController.swift; sourceTree = "<group>"; };
		A587FCC128480E33003F71B6 /* TossView.swift */ = {isa = PBXFileReference; lastKnownFileType = sourcecode.swift; path = TossView.swift; sourceTree = "<group>"; };
		A587FCC32848113F003F71B6 /* TossViewCell.swift */ = {isa = PBXFileReference; lastKnownFileType = sourcecode.swift; path = TossViewCell.swift; sourceTree = "<group>"; };
		A587FCC528481164003F71B6 /* NSObject+Ext.swift */ = {isa = PBXFileReference; lastKnownFileType = sourcecode.swift; path = "NSObject+Ext.swift"; sourceTree = "<group>"; };
		A595874C2843F7DF004C8F59 /* DrawLots.app */ = {isa = PBXFileReference; explicitFileType = wrapper.application; includeInIndex = 0; path = DrawLots.app; sourceTree = BUILT_PRODUCTS_DIR; };
		A595874F2843F7DF004C8F59 /* AppDelegate.swift */ = {isa = PBXFileReference; lastKnownFileType = sourcecode.swift; path = AppDelegate.swift; sourceTree = "<group>"; };
		A59587532843F7DF004C8F59 /* BaseViewController.swift */ = {isa = PBXFileReference; lastKnownFileType = sourcecode.swift; path = BaseViewController.swift; sourceTree = "<group>"; };
		A59587592843F7DF004C8F59 /* DrawLots.xcdatamodel */ = {isa = PBXFileReference; lastKnownFileType = wrapper.xcdatamodel; path = DrawLots.xcdatamodel; sourceTree = "<group>"; };
		A595875B2843F7E0004C8F59 /* Assets.xcassets */ = {isa = PBXFileReference; lastKnownFileType = folder.assetcatalog; path = Assets.xcassets; sourceTree = "<group>"; };
		A595875E2843F7E0004C8F59 /* Base */ = {isa = PBXFileReference; lastKnownFileType = file.storyboard; name = Base; path = Base.lproj/LaunchScreen.storyboard; sourceTree = "<group>"; };
		A59587602843F7E0004C8F59 /* Info.plist */ = {isa = PBXFileReference; lastKnownFileType = text.plist.xml; path = Info.plist; sourceTree = "<group>"; };
		A59587652843F7E0004C8F59 /* DrawLotsTests.xctest */ = {isa = PBXFileReference; explicitFileType = wrapper.cfbundle; includeInIndex = 0; path = DrawLotsTests.xctest; sourceTree = BUILT_PRODUCTS_DIR; };
		A595876F2843F7E0004C8F59 /* DrawLotsUITests.xctest */ = {isa = PBXFileReference; explicitFileType = wrapper.cfbundle; includeInIndex = 0; path = DrawLotsUITests.xctest; sourceTree = BUILT_PRODUCTS_DIR; };
		A598E1AC284C33B700FDF9BD /* UITextField+Ext.swift */ = {isa = PBXFileReference; lastKnownFileType = sourcecode.swift; path = "UITextField+Ext.swift"; sourceTree = "<group>"; };
		A598E1B2284C43C000FDF9BD /* BaseButton.swift */ = {isa = PBXFileReference; lastKnownFileType = sourcecode.swift; path = BaseButton.swift; sourceTree = "<group>"; };
		A5DF3E7D2846B909003BE775 /* en */ = {isa = PBXFileReference; lastKnownFileType = text.plist.strings; name = en; path = en.lproj/Localizable.strings; sourceTree = "<group>"; };
		A5DF3E7F2846B934003BE775 /* ru */ = {isa = PBXFileReference; lastKnownFileType = text.plist.strings; name = ru; path = ru.lproj/Localizable.strings; sourceTree = "<group>"; };
		A5DF3E812846BA28003BE775 /* DrawLotsLocalizable.swift */ = {isa = PBXFileReference; lastKnownFileType = sourcecode.swift; path = DrawLotsLocalizable.swift; sourceTree = "<group>"; };
		A5DF3E842846BB6F003BE775 /* String+Ext.swift */ = {isa = PBXFileReference; lastKnownFileType = sourcecode.swift; path = "String+Ext.swift"; sourceTree = "<group>"; };
		A5DF3E8A2846C1AA003BE775 /* NumberParticipantsViewModel.swift */ = {isa = PBXFileReference; lastKnownFileType = sourcecode.swift; path = NumberParticipantsViewModel.swift; sourceTree = "<group>"; };
		A5DF3E8E2846C870003BE775 /* Coordinator.swift */ = {isa = PBXFileReference; lastKnownFileType = sourcecode.swift; path = Coordinator.swift; sourceTree = "<group>"; };
/* End PBXFileReference section */

/* Begin PBXFrameworksBuildPhase section */
		A59587492843F7DF004C8F59 /* Frameworks */ = {
			isa = PBXFrameworksBuildPhase;
			buildActionMask = 2147483647;
			files = (
				A53DD70A2844033A00C5492B /* SnapKit in Frameworks */,
				A59587862843FBDA004C8F59 /* RxSwift in Frameworks */,
				A5DF3E882846C14A003BE775 /* ReactorKit in Frameworks */,
				A587FCBF28480C6F003F71B6 /* RxDataSources in Frameworks */,
				A59587842843FBDA004C8F59 /* RxCocoa in Frameworks */,
			);
			runOnlyForDeploymentPostprocessing = 0;
		};
		A59587622843F7E0004C8F59 /* Frameworks */ = {
			isa = PBXFrameworksBuildPhase;
			buildActionMask = 2147483647;
			files = (
			);
			runOnlyForDeploymentPostprocessing = 0;
		};
		A595876C2843F7E0004C8F59 /* Frameworks */ = {
			isa = PBXFrameworksBuildPhase;
			buildActionMask = 2147483647;
			files = (
			);
			runOnlyForDeploymentPostprocessing = 0;
		};
/* End PBXFrameworksBuildPhase section */

/* Begin PBXGroup section */
		A53DD7002843FEFB00C5492B /* Base */ = {
			isa = PBXGroup;
			children = (
				A585E0D928568FCB0069C090 /* Theme */,
				A585E0D828568FBE0069C090 /* Views */,
				A585E0D728568FAE0069C090 /* Presentation */,
			);
			path = Base;
			sourceTree = "<group>";
		};
		A53DD7012843FF0B00C5492B /* NumberParticipants */ = {
			isa = PBXGroup;
			children = (
				A5DF3E892846C18B003BE775 /* Views */,
				A53DD7022843FF5600C5492B /* NumberParticipantsViewController.swift */,
				A5DF3E8A2846C1AA003BE775 /* NumberParticipantsViewModel.swift */,
			);
			path = NumberParticipants;
			sourceTree = "<group>";
		};
		A585E0D728568FAE0069C090 /* Presentation */ = {
			isa = PBXGroup;
			children = (
				A59587532843F7DF004C8F59 /* BaseViewController.swift */,
			);
			path = Presentation;
			sourceTree = "<group>";
		};
		A585E0D828568FBE0069C090 /* Views */ = {
			isa = PBXGroup;
			children = (
				A598E1B2284C43C000FDF9BD /* BaseButton.swift */,
				A53DD7062844000B00C5492B /* BaseView.swift */,
			);
			path = Views;
			sourceTree = "<group>";
		};
		A585E0D928568FCB0069C090 /* Theme */ = {
			isa = PBXGroup;
			children = (
				A585E0DA28568FEA0069C090 /* Theme.swift */,
			);
			path = Theme;
			sourceTree = "<group>";
		};
		A587FCBA28480AB1003F71B6 /* Toss */ = {
			isa = PBXGroup;
			children = (
				A587FCC028480E21003F71B6 /* Views */,
				A587FCBB28480AF6003F71B6 /* TossViewController.swift */,
			);
			path = Toss;
			sourceTree = "<group>";
		};
		A587FCC028480E21003F71B6 /* Views */ = {
			isa = PBXGroup;
			children = (
				A587FCC128480E33003F71B6 /* TossView.swift */,
				A587FCC32848113F003F71B6 /* TossViewCell.swift */,
			);
			path = Views;
			sourceTree = "<group>";
		};
		A59587432843F7DE004C8F59 = {
			isa = PBXGroup;
			children = (
				A595874E2843F7DF004C8F59 /* DrawLots */,
				A595874D2843F7DF004C8F59 /* Products */,
			);
			sourceTree = "<group>";
		};
		A595874D2843F7DF004C8F59 /* Products */ = {
			isa = PBXGroup;
			children = (
				A595874C2843F7DF004C8F59 /* DrawLots.app */,
				A59587652843F7E0004C8F59 /* DrawLotsTests.xctest */,
				A595876F2843F7E0004C8F59 /* DrawLotsUITests.xctest */,
			);
			name = Products;
			sourceTree = "<group>";
		};
		A595874E2843F7DF004C8F59 /* DrawLots */ = {
			isa = PBXGroup;
			children = (
				A5DF3E8D2846C80F003BE775 /* Navigation */,
				A5DF3E8C2846C7E5003BE775 /* Presentation */,
				A5DF3E802846B9FC003BE775 /* Localizable */,
				A5DF3E832846BB39003BE775 /* Extensions */,
				A595874F2843F7DF004C8F59 /* AppDelegate.swift */,
				A53DD7002843FEFB00C5492B /* Base */,
				A595875B2843F7E0004C8F59 /* Assets.xcassets */,
				A595875D2843F7E0004C8F59 /* LaunchScreen.storyboard */,
				A59587602843F7E0004C8F59 /* Info.plist */,
				A59587582843F7DF004C8F59 /* DrawLots.xcdatamodeld */,
			);
			path = DrawLots;
			sourceTree = "<group>";
		};
		A5DF3E802846B9FC003BE775 /* Localizable */ = {
			isa = PBXGroup;
			children = (
				A5DF3E7E2846B909003BE775 /* Localizable.strings */,
				A5DF3E812846BA28003BE775 /* DrawLotsLocalizable.swift */,
			);
			path = Localizable;
			sourceTree = "<group>";
		};
		A5DF3E832846BB39003BE775 /* Extensions */ = {
			isa = PBXGroup;
			children = (
				A5DF3E842846BB6F003BE775 /* String+Ext.swift */,
				A587FCC528481164003F71B6 /* NSObject+Ext.swift */,
				A598E1AC284C33B700FDF9BD /* UITextField+Ext.swift */,
				A585E0D5285687D40069C090 /* UIView+Ext.swift */,
			);
			path = Extensions;
			sourceTree = "<group>";
		};
		A5DF3E892846C18B003BE775 /* Views */ = {
			isa = PBXGroup;
			children = (
				A53DD7042843FFDB00C5492B /* NumberParticipantsView.swift */,
			);
			path = Views;
			sourceTree = "<group>";
		};
		A5DF3E8C2846C7E5003BE775 /* Presentation */ = {
			isa = PBXGroup;
			children = (
				A587FCBA28480AB1003F71B6 /* Toss */,
				A53DD7012843FF0B00C5492B /* NumberParticipants */,
			);
			path = Presentation;
			sourceTree = "<group>";
		};
		A5DF3E8D2846C80F003BE775 /* Navigation */ = {
			isa = PBXGroup;
			children = (
				A5DF3E8E2846C870003BE775 /* Coordinator.swift */,
			);
			path = Navigation;
			sourceTree = "<group>";
		};
/* End PBXGroup section */

/* Begin PBXNativeTarget section */
		A595874B2843F7DF004C8F59 /* DrawLots */ = {
			isa = PBXNativeTarget;
			buildConfigurationList = A59587792843F7E0004C8F59 /* Build configuration list for PBXNativeTarget "DrawLots" */;
			buildPhases = (
				A59587482843F7DF004C8F59 /* Sources */,
				A59587492843F7DF004C8F59 /* Frameworks */,
				A595874A2843F7DF004C8F59 /* Resources */,
			);
			buildRules = (
			);
			dependencies = (
			);
			name = DrawLots;
			packageProductDependencies = (
				A59587832843FBDA004C8F59 /* RxCocoa */,
				A59587852843FBDA004C8F59 /* RxSwift */,
				A53DD7092844033A00C5492B /* SnapKit */,
				A5DF3E872846C14A003BE775 /* ReactorKit */,
				A587FCBE28480C6F003F71B6 /* RxDataSources */,
			);
			productName = DrawLots;
			productReference = A595874C2843F7DF004C8F59 /* DrawLots.app */;
			productType = "com.apple.product-type.application";
		};
		A59587642843F7E0004C8F59 /* DrawLotsTests */ = {
			isa = PBXNativeTarget;
			buildConfigurationList = A595877C2843F7E0004C8F59 /* Build configuration list for PBXNativeTarget "DrawLotsTests" */;
			buildPhases = (
				A59587612843F7E0004C8F59 /* Sources */,
				A59587622843F7E0004C8F59 /* Frameworks */,
				A59587632843F7E0004C8F59 /* Resources */,
			);
			buildRules = (
			);
			dependencies = (
				A59587672843F7E0004C8F59 /* PBXTargetDependency */,
			);
			name = DrawLotsTests;
			productName = DrawLotsTests;
			productReference = A59587652843F7E0004C8F59 /* DrawLotsTests.xctest */;
			productType = "com.apple.product-type.bundle.unit-test";
		};
		A595876E2843F7E0004C8F59 /* DrawLotsUITests */ = {
			isa = PBXNativeTarget;
			buildConfigurationList = A595877F2843F7E0004C8F59 /* Build configuration list for PBXNativeTarget "DrawLotsUITests" */;
			buildPhases = (
				A595876B2843F7E0004C8F59 /* Sources */,
				A595876C2843F7E0004C8F59 /* Frameworks */,
				A595876D2843F7E0004C8F59 /* Resources */,
			);
			buildRules = (
			);
			dependencies = (
				A59587712843F7E0004C8F59 /* PBXTargetDependency */,
			);
			name = DrawLotsUITests;
			productName = DrawLotsUITests;
			productReference = A595876F2843F7E0004C8F59 /* DrawLotsUITests.xctest */;
			productType = "com.apple.product-type.bundle.ui-testing";
		};
/* End PBXNativeTarget section */

/* Begin PBXProject section */
		A59587442843F7DE004C8F59 /* Project object */ = {
			isa = PBXProject;
			attributes = {
				BuildIndependentTargetsInParallel = 1;
				LastSwiftUpdateCheck = 1320;
				LastUpgradeCheck = 1320;
				TargetAttributes = {
					A595874B2843F7DF004C8F59 = {
						CreatedOnToolsVersion = 13.2.1;
					};
					A59587642843F7E0004C8F59 = {
						CreatedOnToolsVersion = 13.2.1;
						TestTargetID = A595874B2843F7DF004C8F59;
					};
					A595876E2843F7E0004C8F59 = {
						CreatedOnToolsVersion = 13.2.1;
						TestTargetID = A595874B2843F7DF004C8F59;
					};
				};
			};
			buildConfigurationList = A59587472843F7DE004C8F59 /* Build configuration list for PBXProject "DrawLots" */;
			compatibilityVersion = "Xcode 13.0";
			developmentRegion = en;
			hasScannedForEncodings = 0;
			knownRegions = (
				en,
				Base,
				ru,
			);
			mainGroup = A59587432843F7DE004C8F59;
			packageReferences = (
				A59587822843FBDA004C8F59 /* XCRemoteSwiftPackageReference "RxSwift" */,
				A53DD7082844033A00C5492B /* XCRemoteSwiftPackageReference "SnapKit" */,
				A5DF3E862846C149003BE775 /* XCRemoteSwiftPackageReference "ReactorKit" */,
				A587FCBD28480C6F003F71B6 /* XCRemoteSwiftPackageReference "RxDataSources" */,
			);
			productRefGroup = A595874D2843F7DF004C8F59 /* Products */;
			projectDirPath = "";
			projectRoot = "";
			targets = (
				A595874B2843F7DF004C8F59 /* DrawLots */,
				A59587642843F7E0004C8F59 /* DrawLotsTests */,
				A595876E2843F7E0004C8F59 /* DrawLotsUITests */,
			);
		};
/* End PBXProject section */

/* Begin PBXResourcesBuildPhase section */
		A595874A2843F7DF004C8F59 /* Resources */ = {
			isa = PBXResourcesBuildPhase;
			buildActionMask = 2147483647;
			files = (
				A595875F2843F7E0004C8F59 /* LaunchScreen.storyboard in Resources */,
				A5DF3E7C2846B909003BE775 /* Localizable.strings in Resources */,
				A595875C2843F7E0004C8F59 /* Assets.xcassets in Resources */,
			);
			runOnlyForDeploymentPostprocessing = 0;
		};
		A59587632843F7E0004C8F59 /* Resources */ = {
			isa = PBXResourcesBuildPhase;
			buildActionMask = 2147483647;
			files = (
			);
			runOnlyForDeploymentPostprocessing = 0;
		};
		A595876D2843F7E0004C8F59 /* Resources */ = {
			isa = PBXResourcesBuildPhase;
			buildActionMask = 2147483647;
			files = (
			);
			runOnlyForDeploymentPostprocessing = 0;
		};
/* End PBXResourcesBuildPhase section */

/* Begin PBXSourcesBuildPhase section */
		A59587482843F7DF004C8F59 /* Sources */ = {
			isa = PBXSourcesBuildPhase;
			buildActionMask = 2147483647;
			files = (
				A585E0D6285687D40069C090 /* UIView+Ext.swift in Sources */,
				A5DF3E822846BA28003BE775 /* DrawLotsLocalizable.swift in Sources */,
				A598E1AD284C33B700FDF9BD /* UITextField+Ext.swift in Sources */,
				A59587542843F7DF004C8F59 /* BaseViewController.swift in Sources */,
				A5DF3E8F2846C870003BE775 /* Coordinator.swift in Sources */,
				A595875A2843F7DF004C8F59 /* DrawLots.xcdatamodeld in Sources */,
				A587FCC42848113F003F71B6 /* TossViewCell.swift in Sources */,
				A587FCBC28480AF6003F71B6 /* TossViewController.swift in Sources */,
				A587FCC228480E33003F71B6 /* TossView.swift in Sources */,
				A585E0DB28568FEA0069C090 /* Theme.swift in Sources */,
				A5DF3E8B2846C1AA003BE775 /* NumberParticipantsViewModel.swift in Sources */,
				A59587502843F7DF004C8F59 /* AppDelegate.swift in Sources */,
				A53DD7072844000B00C5492B /* BaseView.swift in Sources */,
				A53DD7032843FF5600C5492B /* NumberParticipantsViewController.swift in Sources */,
				A587FCC628481164003F71B6 /* NSObject+Ext.swift in Sources */,
				A5DF3E852846BB6F003BE775 /* String+Ext.swift in Sources */,
				A598E1B3284C43C000FDF9BD /* BaseButton.swift in Sources */,
				A53DD7052843FFDB00C5492B /* NumberParticipantsView.swift in Sources */,
			);
			runOnlyForDeploymentPostprocessing = 0;
		};
		A59587612843F7E0004C8F59 /* Sources */ = {
			isa = PBXSourcesBuildPhase;
			buildActionMask = 2147483647;
			files = (
			);
			runOnlyForDeploymentPostprocessing = 0;
		};
		A595876B2843F7E0004C8F59 /* Sources */ = {
			isa = PBXSourcesBuildPhase;
			buildActionMask = 2147483647;
			files = (
			);
			runOnlyForDeploymentPostprocessing = 0;
		};
/* End PBXSourcesBuildPhase section */

/* Begin PBXTargetDependency section */
		A59587672843F7E0004C8F59 /* PBXTargetDependency */ = {
			isa = PBXTargetDependency;
			target = A595874B2843F7DF004C8F59 /* DrawLots */;
			targetProxy = A59587662843F7E0004C8F59 /* PBXContainerItemProxy */;
		};
		A59587712843F7E0004C8F59 /* PBXTargetDependency */ = {
			isa = PBXTargetDependency;
			target = A595874B2843F7DF004C8F59 /* DrawLots */;
			targetProxy = A59587702843F7E0004C8F59 /* PBXContainerItemProxy */;
		};
/* End PBXTargetDependency section */

/* Begin PBXVariantGroup section */
		A595875D2843F7E0004C8F59 /* LaunchScreen.storyboard */ = {
			isa = PBXVariantGroup;
			children = (
				A595875E2843F7E0004C8F59 /* Base */,
			);
			name = LaunchScreen.storyboard;
			sourceTree = "<group>";
		};
		A5DF3E7E2846B909003BE775 /* Localizable.strings */ = {
			isa = PBXVariantGroup;
			children = (
				A5DF3E7D2846B909003BE775 /* en */,
				A5DF3E7F2846B934003BE775 /* ru */,
			);
			name = Localizable.strings;
			sourceTree = "<group>";
		};
/* End PBXVariantGroup section */

/* Begin XCBuildConfiguration section */
		A59587772843F7E0004C8F59 /* Debug */ = {
			isa = XCBuildConfiguration;
			buildSettings = {
				ALWAYS_SEARCH_USER_PATHS = NO;
				CLANG_ANALYZER_LOCALIZABILITY_NONLOCALIZED = YES;
				CLANG_ANALYZER_NONNULL = YES;
				CLANG_ANALYZER_NUMBER_OBJECT_CONVERSION = YES_AGGRESSIVE;
				CLANG_CXX_LANGUAGE_STANDARD = "gnu++17";
				CLANG_CXX_LIBRARY = "libc++";
				CLANG_ENABLE_MODULES = YES;
				CLANG_ENABLE_OBJC_ARC = YES;
				CLANG_ENABLE_OBJC_WEAK = YES;
				CLANG_WARN_BLOCK_CAPTURE_AUTORELEASING = YES;
				CLANG_WARN_BOOL_CONVERSION = YES;
				CLANG_WARN_COMMA = YES;
				CLANG_WARN_CONSTANT_CONVERSION = YES;
				CLANG_WARN_DEPRECATED_OBJC_IMPLEMENTATIONS = YES;
				CLANG_WARN_DIRECT_OBJC_ISA_USAGE = YES_ERROR;
				CLANG_WARN_DOCUMENTATION_COMMENTS = YES;
				CLANG_WARN_EMPTY_BODY = YES;
				CLANG_WARN_ENUM_CONVERSION = YES;
				CLANG_WARN_INFINITE_RECURSION = YES;
				CLANG_WARN_INT_CONVERSION = YES;
				CLANG_WARN_NON_LITERAL_NULL_CONVERSION = YES;
				CLANG_WARN_OBJC_IMPLICIT_RETAIN_SELF = YES;
				CLANG_WARN_OBJC_LITERAL_CONVERSION = YES;
				CLANG_WARN_OBJC_ROOT_CLASS = YES_ERROR;
				CLANG_WARN_QUOTED_INCLUDE_IN_FRAMEWORK_HEADER = YES;
				CLANG_WARN_RANGE_LOOP_ANALYSIS = YES;
				CLANG_WARN_STRICT_PROTOTYPES = YES;
				CLANG_WARN_SUSPICIOUS_MOVE = YES;
				CLANG_WARN_UNGUARDED_AVAILABILITY = YES_AGGRESSIVE;
				CLANG_WARN_UNREACHABLE_CODE = YES;
				CLANG_WARN__DUPLICATE_METHOD_MATCH = YES;
				COPY_PHASE_STRIP = NO;
				DEBUG_INFORMATION_FORMAT = dwarf;
				ENABLE_STRICT_OBJC_MSGSEND = YES;
				ENABLE_TESTABILITY = YES;
				GCC_C_LANGUAGE_STANDARD = gnu11;
				GCC_DYNAMIC_NO_PIC = NO;
				GCC_NO_COMMON_BLOCKS = YES;
				GCC_OPTIMIZATION_LEVEL = 0;
				GCC_PREPROCESSOR_DEFINITIONS = (
					"DEBUG=1",
					"$(inherited)",
				);
				GCC_WARN_64_TO_32_BIT_CONVERSION = YES;
				GCC_WARN_ABOUT_RETURN_TYPE = YES_ERROR;
				GCC_WARN_UNDECLARED_SELECTOR = YES;
				GCC_WARN_UNINITIALIZED_AUTOS = YES_AGGRESSIVE;
				GCC_WARN_UNUSED_FUNCTION = YES;
				GCC_WARN_UNUSED_VARIABLE = YES;
				IPHONEOS_DEPLOYMENT_TARGET = 15.2;
				MTL_ENABLE_DEBUG_INFO = INCLUDE_SOURCE;
				MTL_FAST_MATH = YES;
				ONLY_ACTIVE_ARCH = YES;
				SDKROOT = iphoneos;
				SWIFT_ACTIVE_COMPILATION_CONDITIONS = DEBUG;
				SWIFT_OPTIMIZATION_LEVEL = "-Onone";
			};
			name = Debug;
		};
		A59587782843F7E0004C8F59 /* Release */ = {
			isa = XCBuildConfiguration;
			buildSettings = {
				ALWAYS_SEARCH_USER_PATHS = NO;
				CLANG_ANALYZER_LOCALIZABILITY_NONLOCALIZED = YES;
				CLANG_ANALYZER_NONNULL = YES;
				CLANG_ANALYZER_NUMBER_OBJECT_CONVERSION = YES_AGGRESSIVE;
				CLANG_CXX_LANGUAGE_STANDARD = "gnu++17";
				CLANG_CXX_LIBRARY = "libc++";
				CLANG_ENABLE_MODULES = YES;
				CLANG_ENABLE_OBJC_ARC = YES;
				CLANG_ENABLE_OBJC_WEAK = YES;
				CLANG_WARN_BLOCK_CAPTURE_AUTORELEASING = YES;
				CLANG_WARN_BOOL_CONVERSION = YES;
				CLANG_WARN_COMMA = YES;
				CLANG_WARN_CONSTANT_CONVERSION = YES;
				CLANG_WARN_DEPRECATED_OBJC_IMPLEMENTATIONS = YES;
				CLANG_WARN_DIRECT_OBJC_ISA_USAGE = YES_ERROR;
				CLANG_WARN_DOCUMENTATION_COMMENTS = YES;
				CLANG_WARN_EMPTY_BODY = YES;
				CLANG_WARN_ENUM_CONVERSION = YES;
				CLANG_WARN_INFINITE_RECURSION = YES;
				CLANG_WARN_INT_CONVERSION = YES;
				CLANG_WARN_NON_LITERAL_NULL_CONVERSION = YES;
				CLANG_WARN_OBJC_IMPLICIT_RETAIN_SELF = YES;
				CLANG_WARN_OBJC_LITERAL_CONVERSION = YES;
				CLANG_WARN_OBJC_ROOT_CLASS = YES_ERROR;
				CLANG_WARN_QUOTED_INCLUDE_IN_FRAMEWORK_HEADER = YES;
				CLANG_WARN_RANGE_LOOP_ANALYSIS = YES;
				CLANG_WARN_STRICT_PROTOTYPES = YES;
				CLANG_WARN_SUSPICIOUS_MOVE = YES;
				CLANG_WARN_UNGUARDED_AVAILABILITY = YES_AGGRESSIVE;
				CLANG_WARN_UNREACHABLE_CODE = YES;
				CLANG_WARN__DUPLICATE_METHOD_MATCH = YES;
				COPY_PHASE_STRIP = NO;
				DEBUG_INFORMATION_FORMAT = "dwarf-with-dsym";
				ENABLE_NS_ASSERTIONS = NO;
				ENABLE_STRICT_OBJC_MSGSEND = YES;
				GCC_C_LANGUAGE_STANDARD = gnu11;
				GCC_NO_COMMON_BLOCKS = YES;
				GCC_WARN_64_TO_32_BIT_CONVERSION = YES;
				GCC_WARN_ABOUT_RETURN_TYPE = YES_ERROR;
				GCC_WARN_UNDECLARED_SELECTOR = YES;
				GCC_WARN_UNINITIALIZED_AUTOS = YES_AGGRESSIVE;
				GCC_WARN_UNUSED_FUNCTION = YES;
				GCC_WARN_UNUSED_VARIABLE = YES;
				IPHONEOS_DEPLOYMENT_TARGET = 15.2;
				MTL_ENABLE_DEBUG_INFO = NO;
				MTL_FAST_MATH = YES;
				SDKROOT = iphoneos;
				SWIFT_COMPILATION_MODE = wholemodule;
				SWIFT_OPTIMIZATION_LEVEL = "-O";
				VALIDATE_PRODUCT = YES;
			};
			name = Release;
		};
		A595877A2843F7E0004C8F59 /* Debug */ = {
			isa = XCBuildConfiguration;
			buildSettings = {
				ASSETCATALOG_COMPILER_APPICON_NAME = AppIcon;
				ASSETCATALOG_COMPILER_GLOBAL_ACCENT_COLOR_NAME = AccentColor;
				ASSETCATALOG_COMPILER_INCLUDE_ALL_APPICON_ASSETS = YES;
				CODE_SIGN_STYLE = Automatic;
				CURRENT_PROJECT_VERSION = 1;
				DEVELOPMENT_TEAM = N7YS6H752M;
				GENERATE_INFOPLIST_FILE = YES;
				INFOPLIST_FILE = DrawLots/Info.plist;
				INFOPLIST_KEY_UIApplicationSupportsIndirectInputEvents = YES;
				INFOPLIST_KEY_UILaunchStoryboardName = LaunchScreen;
				INFOPLIST_KEY_UISupportedInterfaceOrientations_iPad = "UIInterfaceOrientationPortrait UIInterfaceOrientationPortraitUpsideDown UIInterfaceOrientationLandscapeLeft UIInterfaceOrientationLandscapeRight";
				INFOPLIST_KEY_UISupportedInterfaceOrientations_iPhone = "UIInterfaceOrientationPortrait UIInterfaceOrientationLandscapeLeft UIInterfaceOrientationLandscapeRight";
				IPHONEOS_DEPLOYMENT_TARGET = 12.0;
				LD_RUNPATH_SEARCH_PATHS = (
					"$(inherited)",
					"@executable_path/Frameworks",
				);
				MARKETING_VERSION = 1.0;
				PRODUCT_BUNDLE_IDENTIFIER = SergeyBey.DrawLots;
				PRODUCT_NAME = "$(TARGET_NAME)";
				SWIFT_EMIT_LOC_STRINGS = YES;
				SWIFT_VERSION = 5.0;
				TARGETED_DEVICE_FAMILY = "1,2";
			};
			name = Debug;
		};
		A595877B2843F7E0004C8F59 /* Release */ = {
			isa = XCBuildConfiguration;
			buildSettings = {
				ASSETCATALOG_COMPILER_APPICON_NAME = AppIcon;
				ASSETCATALOG_COMPILER_GLOBAL_ACCENT_COLOR_NAME = AccentColor;
				ASSETCATALOG_COMPILER_INCLUDE_ALL_APPICON_ASSETS = YES;
				CODE_SIGN_STYLE = Automatic;
				CURRENT_PROJECT_VERSION = 1;
				DEVELOPMENT_TEAM = N7YS6H752M;
				GENERATE_INFOPLIST_FILE = YES;
				INFOPLIST_FILE = DrawLots/Info.plist;
				INFOPLIST_KEY_UIApplicationSupportsIndirectInputEvents = YES;
				INFOPLIST_KEY_UILaunchStoryboardName = LaunchScreen;
				INFOPLIST_KEY_UISupportedInterfaceOrientations_iPad = "UIInterfaceOrientationPortrait UIInterfaceOrientationPortraitUpsideDown UIInterfaceOrientationLandscapeLeft UIInterfaceOrientationLandscapeRight";
				INFOPLIST_KEY_UISupportedInterfaceOrientations_iPhone = "UIInterfaceOrientationPortrait UIInterfaceOrientationLandscapeLeft UIInterfaceOrientationLandscapeRight";
				IPHONEOS_DEPLOYMENT_TARGET = 12.0;
				LD_RUNPATH_SEARCH_PATHS = (
					"$(inherited)",
					"@executable_path/Frameworks",
				);
				MARKETING_VERSION = 1.0;
				PRODUCT_BUNDLE_IDENTIFIER = SergeyBey.DrawLots;
				PRODUCT_NAME = "$(TARGET_NAME)";
				SWIFT_EMIT_LOC_STRINGS = YES;
				SWIFT_VERSION = 5.0;
				TARGETED_DEVICE_FAMILY = "1,2";
			};
			name = Release;
		};
		A595877D2843F7E0004C8F59 /* Debug */ = {
			isa = XCBuildConfiguration;
			buildSettings = {
				ALWAYS_EMBED_SWIFT_STANDARD_LIBRARIES = YES;
				BUNDLE_LOADER = "$(TEST_HOST)";
				CODE_SIGN_STYLE = Automatic;
				CURRENT_PROJECT_VERSION = 1;
				DEVELOPMENT_TEAM = N7YS6H752M;
				GENERATE_INFOPLIST_FILE = YES;
				IPHONEOS_DEPLOYMENT_TARGET = 15.2;
				MARKETING_VERSION = 1.0;
				PRODUCT_BUNDLE_IDENTIFIER = SergeyBey.DrawLotsTests;
				PRODUCT_NAME = "$(TARGET_NAME)";
				SWIFT_EMIT_LOC_STRINGS = NO;
				SWIFT_VERSION = 5.0;
				TARGETED_DEVICE_FAMILY = "1,2";
				TEST_HOST = "$(BUILT_PRODUCTS_DIR)/DrawLots.app/DrawLots";
			};
			name = Debug;
		};
		A595877E2843F7E0004C8F59 /* Release */ = {
			isa = XCBuildConfiguration;
			buildSettings = {
				ALWAYS_EMBED_SWIFT_STANDARD_LIBRARIES = YES;
				BUNDLE_LOADER = "$(TEST_HOST)";
				CODE_SIGN_STYLE = Automatic;
				CURRENT_PROJECT_VERSION = 1;
				DEVELOPMENT_TEAM = N7YS6H752M;
				GENERATE_INFOPLIST_FILE = YES;
				IPHONEOS_DEPLOYMENT_TARGET = 15.2;
				MARKETING_VERSION = 1.0;
				PRODUCT_BUNDLE_IDENTIFIER = SergeyBey.DrawLotsTests;
				PRODUCT_NAME = "$(TARGET_NAME)";
				SWIFT_EMIT_LOC_STRINGS = NO;
				SWIFT_VERSION = 5.0;
				TARGETED_DEVICE_FAMILY = "1,2";
				TEST_HOST = "$(BUILT_PRODUCTS_DIR)/DrawLots.app/DrawLots";
			};
			name = Release;
		};
		A59587802843F7E0004C8F59 /* Debug */ = {
			isa = XCBuildConfiguration;
			buildSettings = {
				ALWAYS_EMBED_SWIFT_STANDARD_LIBRARIES = YES;
				CODE_SIGN_STYLE = Automatic;
				CURRENT_PROJECT_VERSION = 1;
				DEVELOPMENT_TEAM = N7YS6H752M;
				GENERATE_INFOPLIST_FILE = YES;
				MARKETING_VERSION = 1.0;
				PRODUCT_BUNDLE_IDENTIFIER = SergeyBey.DrawLotsUITests;
				PRODUCT_NAME = "$(TARGET_NAME)";
				SWIFT_EMIT_LOC_STRINGS = NO;
				SWIFT_VERSION = 5.0;
				TARGETED_DEVICE_FAMILY = "1,2";
				TEST_TARGET_NAME = DrawLots;
			};
			name = Debug;
		};
		A59587812843F7E0004C8F59 /* Release */ = {
			isa = XCBuildConfiguration;
			buildSettings = {
				ALWAYS_EMBED_SWIFT_STANDARD_LIBRARIES = YES;
				CODE_SIGN_STYLE = Automatic;
				CURRENT_PROJECT_VERSION = 1;
				DEVELOPMENT_TEAM = N7YS6H752M;
				GENERATE_INFOPLIST_FILE = YES;
				MARKETING_VERSION = 1.0;
				PRODUCT_BUNDLE_IDENTIFIER = SergeyBey.DrawLotsUITests;
				PRODUCT_NAME = "$(TARGET_NAME)";
				SWIFT_EMIT_LOC_STRINGS = NO;
				SWIFT_VERSION = 5.0;
				TARGETED_DEVICE_FAMILY = "1,2";
				TEST_TARGET_NAME = DrawLots;
			};
			name = Release;
		};
/* End XCBuildConfiguration section */

/* Begin XCConfigurationList section */
		A59587472843F7DE004C8F59 /* Build configuration list for PBXProject "DrawLots" */ = {
			isa = XCConfigurationList;
			buildConfigurations = (
				A59587772843F7E0004C8F59 /* Debug */,
				A59587782843F7E0004C8F59 /* Release */,
			);
			defaultConfigurationIsVisible = 0;
			defaultConfigurationName = Release;
		};
		A59587792843F7E0004C8F59 /* Build configuration list for PBXNativeTarget "DrawLots" */ = {
			isa = XCConfigurationList;
			buildConfigurations = (
				A595877A2843F7E0004C8F59 /* Debug */,
				A595877B2843F7E0004C8F59 /* Release */,
			);
			defaultConfigurationIsVisible = 0;
			defaultConfigurationName = Release;
		};
		A595877C2843F7E0004C8F59 /* Build configuration list for PBXNativeTarget "DrawLotsTests" */ = {
			isa = XCConfigurationList;
			buildConfigurations = (
				A595877D2843F7E0004C8F59 /* Debug */,
				A595877E2843F7E0004C8F59 /* Release */,
			);
			defaultConfigurationIsVisible = 0;
			defaultConfigurationName = Release;
		};
		A595877F2843F7E0004C8F59 /* Build configuration list for PBXNativeTarget "DrawLotsUITests" */ = {
			isa = XCConfigurationList;
			buildConfigurations = (
				A59587802843F7E0004C8F59 /* Debug */,
				A59587812843F7E0004C8F59 /* Release */,
			);
			defaultConfigurationIsVisible = 0;
			defaultConfigurationName = Release;
		};
/* End XCConfigurationList section */

/* Begin XCRemoteSwiftPackageReference section */
		A53DD7082844033A00C5492B /* XCRemoteSwiftPackageReference "SnapKit" */ = {
			isa = XCRemoteSwiftPackageReference;
			repositoryURL = "https://github.com/SnapKit/SnapKit";
			requirement = {
				kind = upToNextMajorVersion;
				minimumVersion = 5.0.0;
			};
		};
		A587FCBD28480C6F003F71B6 /* XCRemoteSwiftPackageReference "RxDataSources" */ = {
			isa = XCRemoteSwiftPackageReference;
			repositoryURL = "https://github.com/RxSwiftCommunity/RxDataSources";
			requirement = {
				kind = upToNextMajorVersion;
				minimumVersion = 5.0.0;
			};
		};
		A59587822843FBDA004C8F59 /* XCRemoteSwiftPackageReference "RxSwift" */ = {
			isa = XCRemoteSwiftPackageReference;
			repositoryURL = "https://github.com/ReactiveX/RxSwift.git";
			requirement = {
				kind = upToNextMajorVersion;
				minimumVersion = 6.0.0;
			};
		};
		A5DF3E862846C149003BE775 /* XCRemoteSwiftPackageReference "ReactorKit" */ = {
			isa = XCRemoteSwiftPackageReference;
			repositoryURL = "https://github.com/ReactorKit/ReactorKit";
			requirement = {
				kind = upToNextMajorVersion;
				minimumVersion = 3.0.0;
			};
		};
/* End XCRemoteSwiftPackageReference section */

/* Begin XCSwiftPackageProductDependency section */
		A53DD7092844033A00C5492B /* SnapKit */ = {
			isa = XCSwiftPackageProductDependency;
			package = A53DD7082844033A00C5492B /* XCRemoteSwiftPackageReference "SnapKit" */;
			productName = SnapKit;
		};
		A587FCBE28480C6F003F71B6 /* RxDataSources */ = {
			isa = XCSwiftPackageProductDependency;
			package = A587FCBD28480C6F003F71B6 /* XCRemoteSwiftPackageReference "RxDataSources" */;
			productName = RxDataSources;
		};
		A59587832843FBDA004C8F59 /* RxCocoa */ = {
			isa = XCSwiftPackageProductDependency;
			package = A59587822843FBDA004C8F59 /* XCRemoteSwiftPackageReference "RxSwift" */;
			productName = RxCocoa;
		};
		A59587852843FBDA004C8F59 /* RxSwift */ = {
			isa = XCSwiftPackageProductDependency;
			package = A59587822843FBDA004C8F59 /* XCRemoteSwiftPackageReference "RxSwift" */;
			productName = RxSwift;
		};
		A5DF3E872846C14A003BE775 /* ReactorKit */ = {
			isa = XCSwiftPackageProductDependency;
			package = A5DF3E862846C149003BE775 /* XCRemoteSwiftPackageReference "ReactorKit" */;
			productName = ReactorKit;
		};
/* End XCSwiftPackageProductDependency section */

/* Begin XCVersionGroup section */
		A59587582843F7DF004C8F59 /* DrawLots.xcdatamodeld */ = {
			isa = XCVersionGroup;
			children = (
				A59587592843F7DF004C8F59 /* DrawLots.xcdatamodel */,
			);
			currentVersion = A59587592843F7DF004C8F59 /* DrawLots.xcdatamodel */;
			path = DrawLots.xcdatamodeld;
			sourceTree = "<group>";
			versionGroupType = wrapper.xcdatamodel;
		};
/* End XCVersionGroup section */
	};
	rootObject = A59587442843F7DE004C8F59 /* Project object */;
}
